
Microsoft Visual Studio Solution File, Format Version 12.00
# Visual Studio Version 17
VisualStudioVersion = 17.4.33122.133
MinimumVisualStudioVersion = 10.0.40219.1
Project("{FAE04EC0-301F-11D3-BF4B-00C04F79EFBC}") = "IdentityManager-Udemy", "IdentityManager-Udemy\IdentityManager-Udemy.csproj", "{A152771C-9CEA-41C3-B5C3-356D7165E6EB}"
EndProject
Global
	GlobalSection(SolutionConfigurationPlatforms) = preSolution
		Debug|Any CPU = Debug|Any CPU
		Release|Any CPU = Release|Any CPU
	EndGlobalSection
	GlobalSection(ProjectConfigurationPlatforms) = postSolution
		{A152771C-9CEA-41C3-B5C3-356D7165E6EB}.Debug|Any CPU.ActiveCfg = Debug|Any CPU
		{A152771C-9CEA-41C3-B5C3-356D7165E6EB}.Debug|Any CPU.Build.0 = Debug|Any CPU
		{A152771C-9CEA-41C3-B5C3-356D7165E6EB}.Release|Any CPU.ActiveCfg = Release|Any CPU
		{A152771C-9CEA-41C3-B5C3-356D7165E6EB}.Release|Any CPU.Build.0 = Release|Any CPU
	EndGlobalSection
	GlobalSection(SolutionProperties) = preSolution
		HideSolutionNode = FALSE
	EndGlobalSection
	GlobalSection(ExtensibilityGlobals) = postSolution
		SolutionGuid = {2B51A225-DEEB-4448-AFB7-4AC14C35B50F}
	EndGlobalSection
EndGlobal
